// !$*UTF8*$!
{
	archiveVersion = 1;
	classes = {
	};
	objectVersion = 46;
	objects = {

/* Begin PBXBuildFile section */
		53D08B071A8F001F0029EFA9 /* AppDelegate.swift in Sources */ = {isa = PBXBuildFile; fileRef = 53D08B061A8F001F0029EFA9 /* AppDelegate.swift */; };
		53D08B091A8F001F0029EFA9 /* ViewController.swift in Sources */ = {isa = PBXBuildFile; fileRef = 53D08B081A8F001F0029EFA9 /* ViewController.swift */; };
		53D08B0C1A8F001F0029EFA9 /* Main.storyboard in Resources */ = {isa = PBXBuildFile; fileRef = 53D08B0A1A8F001F0029EFA9 /* Main.storyboard */; };
		53D08B0E1A8F001F0029EFA9 /* Images.xcassets in Resources */ = {isa = PBXBuildFile; fileRef = 53D08B0D1A8F001F0029EFA9 /* Images.xcassets */; };
		53D08B111A8F001F0029EFA9 /* LaunchScreen.xib in Resources */ = {isa = PBXBuildFile; fileRef = 53D08B0F1A8F001F0029EFA9 /* LaunchScreen.xib */; };
		53D08B1D1A8F001F0029EFA9 /* MapItemTests.swift in Sources */ = {isa = PBXBuildFile; fileRef = 53D08B1C1A8F001F0029EFA9 /* MapItemTests.swift */; };
/* End PBXBuildFile section */

/* Begin PBXContainerItemProxy section */
		53D08B171A8F001F0029EFA9 /* PBXContainerItemProxy */ = {
			isa = PBXContainerItemProxy;
			containerPortal = 53D08AF91A8F001F0029EFA9 /* Project object */;
			proxyType = 1;
			remoteGlobalIDString = 53D08B001A8F001F0029EFA9;
			remoteInfo = MapItem;
		};
/* End PBXContainerItemProxy section */

/* Begin PBXFileReference section */
		53D08B011A8F001F0029EFA9 /* MapItem.app */ = {isa = PBXFileReference; explicitFileType = wrapper.application; includeInIndex = 0; path = MapItem.app; sourceTree = BUILT_PRODUCTS_DIR; };
		53D08B051A8F001F0029EFA9 /* Info.plist */ = {isa = PBXFileReference; lastKnownFileType = text.plist.xml; path = Info.plist; sourceTree = "<group>"; };
		53D08B061A8F001F0029EFA9 /* AppDelegate.swift */ = {isa = PBXFileReference; lastKnownFileType = sourcecode.swift; path = AppDelegate.swift; sourceTree = "<group>"; };
		53D08B081A8F001F0029EFA9 /* ViewController.swift */ = {isa = PBXFileReference; lastKnownFileType = sourcecode.swift; path = ViewController.swift; sourceTree = "<group>"; };
		53D08B0B1A8F001F0029EFA9 /* Base */ = {isa = PBXFileReference; lastKnownFileType = file.storyboard; name = Base; path = Base.lproj/Main.storyboard; sourceTree = "<group>"; };
		53D08B0D1A8F001F0029EFA9 /* Images.xcassets */ = {isa = PBXFileReference; lastKnownFileType = folder.assetcatalog; path = Images.xcassets; sourceTree = "<group>"; };
		53D08B101A8F001F0029EFA9 /* Base */ = {isa = PBXFileReference; lastKnownFileType = file.xib; name = Base; path = Base.lproj/LaunchScreen.xib; sourceTree = "<group>"; };
		53D08B161A8F001F0029EFA9 /* MapItemTests.xctest */ = {isa = PBXFileReference; explicitFileType = wrapper.cfbundle; includeInIndex = 0; path = MapItemTests.xctest; sourceTree = BUILT_PRODUCTS_DIR; };
		53D08B1B1A8F001F0029EFA9 /* Info.plist */ = {isa = PBXFileReference; lastKnownFileType = text.plist.xml; path = Info.plist; sourceTree = "<group>"; };
		53D08B1C1A8F001F0029EFA9 /* MapItemTests.swift */ = {isa = PBXFileReference; lastKnownFileType = sourcecode.swift; path = MapItemTests.swift; sourceTree = "<group>"; };
/* End PBXFileReference section */

/* Begin PBXFrameworksBuildPhase section */
		53D08AFE1A8F001F0029EFA9 /* Frameworks */ = {
			isa = PBXFrameworksBuildPhase;
			buildActionMask = 2147483647;
			files = (
			);
			runOnlyForDeploymentPostprocessing = 0;
		};
		53D08B131A8F001F0029EFA9 /* Frameworks */ = {
			isa = PBXFrameworksBuildPhase;
			buildActionMask = 2147483647;
			files = (
			);
			runOnlyForDeploymentPostprocessing = 0;
		};
/* End PBXFrameworksBuildPhase section */

/* Begin PBXGroup section */
		53D08AF81A8F001F0029EFA9 = {
			isa = PBXGroup;
			children = (
				53D08B031A8F001F0029EFA9 /* MapItem */,
				53D08B191A8F001F0029EFA9 /* MapItemTests */,
				53D08B021A8F001F0029EFA9 /* Products */,
			);
			sourceTree = "<group>";
		};
		53D08B021A8F001F0029EFA9 /* Products */ = {
			isa = PBXGroup;
			children = (
				53D08B011A8F001F0029EFA9 /* MapItem.app */,
				53D08B161A8F001F0029EFA9 /* MapItemTests.xctest */,
			);
			name = Products;
			sourceTree = "<group>";
		};
		53D08B031A8F001F0029EFA9 /* MapItem */ = {
			isa = PBXGroup;
			children = (
				53D08B061A8F001F0029EFA9 /* AppDelegate.swift */,
				53D08B081A8F001F0029EFA9 /* ViewController.swift */,
				53D08B0A1A8F001F0029EFA9 /* Main.storyboard */,
				53D08B0D1A8F001F0029EFA9 /* Images.xcassets */,
				53D08B0F1A8F001F0029EFA9 /* LaunchScreen.xib */,
				53D08B041A8F001F0029EFA9 /* Supporting Files */,
			);
			path = MapItem;
			sourceTree = "<group>";
		};
		53D08B041A8F001F0029EFA9 /* Supporting Files */ = {
			isa = PBXGroup;
			children = (
				53D08B051A8F001F0029EFA9 /* Info.plist */,
			);
			name = "Supporting Files";
			sourceTree = "<group>";
		};
		53D08B191A8F001F0029EFA9 /* MapItemTests */ = {
			isa = PBXGroup;
			children = (
				53D08B1C1A8F001F0029EFA9 /* MapItemTests.swift */,
				53D08B1A1A8F001F0029EFA9 /* Supporting Files */,
			);
			path = MapItemTests;
			sourceTree = "<group>";
		};
		53D08B1A1A8F001F0029EFA9 /* Supporting Files */ = {
			isa = PBXGroup;
			children = (
				53D08B1B1A8F001F0029EFA9 /* Info.plist */,
			);
			name = "Supporting Files";
			sourceTree = "<group>";
		};
/* End PBXGroup section */

/* Begin PBXNativeTarget section */
		53D08B001A8F001F0029EFA9 /* MapItem */ = {
			isa = PBXNativeTarget;
			buildConfigurationList = 53D08B201A8F001F0029EFA9 /* Build configuration list for PBXNativeTarget "MapItem" */;
			buildPhases = (
				53D08AFD1A8F001F0029EFA9 /* Sources */,
				53D08AFE1A8F001F0029EFA9 /* Frameworks */,
				53D08AFF1A8F001F0029EFA9 /* Resources */,
			);
			buildRules = (
			);
			dependencies = (
			);
			name = MapItem;
			productName = MapItem;
			productReference = 53D08B011A8F001F0029EFA9 /* MapItem.app */;
			productType = "com.apple.product-type.application";
		};
		53D08B151A8F001F0029EFA9 /* MapItemTests */ = {
			isa = PBXNativeTarget;
			buildConfigurationList = 53D08B231A8F001F0029EFA9 /* Build configuration list for PBXNativeTarget "MapItemTests" */;
			buildPhases = (
				53D08B121A8F001F0029EFA9 /* Sources */,
				53D08B131A8F001F0029EFA9 /* Frameworks */,
				53D08B141A8F001F0029EFA9 /* Resources */,
			);
			buildRules = (
			);
			dependencies = (
				53D08B181A8F001F0029EFA9 /* PBXTargetDependency */,
			);
			name = MapItemTests;
			productName = MapItemTests;
			productReference = 53D08B161A8F001F0029EFA9 /* MapItemTests.xctest */;
			productType = "com.apple.product-type.bundle.unit-test";
		};
/* End PBXNativeTarget section */

/* Begin PBXProject section */
		53D08AF91A8F001F0029EFA9 /* Project object */ = {
			isa = PBXProject;
			attributes = {
				LastUpgradeCheck = 0610;
				ORGANIZATIONNAME = WilliamsAssociates;
				TargetAttributes = {
					53D08B001A8F001F0029EFA9 = {
						CreatedOnToolsVersion = 6.1;
					};
					53D08B151A8F001F0029EFA9 = {
						CreatedOnToolsVersion = 6.1;
						TestTargetID = 53D08B001A8F001F0029EFA9;
					};
				};
			};
			buildConfigurationList = 53D08AFC1A8F001F0029EFA9 /* Build configuration list for PBXProject "MapItem" */;
			compatibilityVersion = "Xcode 3.2";
			developmentRegion = English;
			hasScannedForEncodings = 0;
			knownRegions = (
				en,
				Base,
			);
			mainGroup = 53D08AF81A8F001F0029EFA9;
			productRefGroup = 53D08B021A8F001F0029EFA9 /* Products */;
			projectDirPath = "";
			projectRoot = "";
			targets = (
				53D08B001A8F001F0029EFA9 /* MapItem */,
				53D08B151A8F001F0029EFA9 /* MapItemTests */,
			);
		};
/* End PBXProject section */

/* Begin PBXResourcesBuildPhase section */
		53D08AFF1A8F001F0029EFA9 /* Resources */ = {
			isa = PBXResourcesBuildPhase;
			buildActionMask = 2147483647;
			files = (
				53D08B0C1A8F001F0029EFA9 /* Main.storyboard in Resources */,
				53D08B111A8F001F0029EFA9 /* LaunchScreen.xib in Resources */,
				53D08B0E1A8F001F0029EFA9 /* Images.xcassets in Resources */,
			);
			runOnlyForDeploymentPostprocessing = 0;
		};
		53D08B141A8F001F0029EFA9 /* Resources */ = {
			isa = PBXResourcesBuildPhase;
			buildActionMask = 2147483647;
			files = (
			);
			runOnlyForDeploymentPostprocessing = 0;
		};
/* End PBXResourcesBuildPhase section */

/* Begin PBXSourcesBuildPhase section */
		53D08AFD1A8F001F0029EFA9 /* Sources */ = {
			isa = PBXSourcesBuildPhase;
			buildActionMask = 2147483647;
			files = (
				53D08B091A8F001F0029EFA9 /* ViewController.swift in Sources */,
				53D08B071A8F001F0029EFA9 /* AppDelegate.swift in Sources */,
			);
			runOnlyForDeploymentPostprocessing = 0;
		};
		53D08B121A8F001F0029EFA9 /* Sources */ = {
			isa = PBXSourcesBuildPhase;
			buildActionMask = 2147483647;
			files = (
				53D08B1D1A8F001F0029EFA9 /* MapItemTests.swift in Sources */,
			);
			runOnlyForDeploymentPostprocessing = 0;
		};
/* End PBXSourcesBuildPhase section */

/* Begin PBXTargetDependency section */
		53D08B181A8F001F0029EFA9 /* PBXTargetDependency */ = {
			isa = PBXTargetDependency;
			target = 53D08B001A8F001F0029EFA9 /* MapItem */;
			targetProxy = 53D08B171A8F001F0029EFA9 /* PBXContainerItemProxy */;
		};
/* End PBXTargetDependency section */

/* Begin PBXVariantGroup section */
		53D08B0A1A8F001F0029EFA9 /* Main.storyboard */ = {
			isa = PBXVariantGroup;
			children = (
				53D08B0B1A8F001F0029EFA9 /* Base */,
			);
			name = Main.storyboard;
			sourceTree = "<group>";
		};
		53D08B0F1A8F001F0029EFA9 /* LaunchScreen.xib */ = {
			isa = PBXVariantGroup;
			children = (
				53D08B101A8F001F0029EFA9 /* Base */,
			);
			name = LaunchScreen.xib;
			sourceTree = "<group>";
		};
/* End PBXVariantGroup section */

/* Begin XCBuildConfiguration section */
		53D08B1E1A8F001F0029EFA9 /* Debug */ = {
			isa = XCBuildConfiguration;
			buildSettings = {
				ALWAYS_SEARCH_USER_PATHS = NO;
				CLANG_CXX_LANGUAGE_STANDARD = "gnu++0x";
				CLANG_CXX_LIBRARY = "libc++";
				CLANG_ENABLE_MODULES = YES;
				CLANG_ENABLE_OBJC_ARC = YES;
				CLANG_WARN_BOOL_CONVERSION = YES;
				CLANG_WARN_CONSTANT_CONVERSION = YES;
				CLANG_WARN_DIRECT_OBJC_ISA_USAGE = YES_ERROR;
				CLANG_WARN_EMPTY_BODY = YES;
				CLANG_WARN_ENUM_CONVERSION = YES;
				CLANG_WARN_INT_CONVERSION = YES;
				CLANG_WARN_OBJC_ROOT_CLASS = YES_ERROR;
				CLANG_WARN_UNREACHABLE_CODE = YES;
				CLANG_WARN__DUPLICATE_METHOD_MATCH = YES;
				"CODE_SIGN_IDENTITY[sdk=iphoneos*]" = "iPhone Developer";
				COPY_PHASE_STRIP = NO;
				ENABLE_STRICT_OBJC_MSGSEND = YES;
				GCC_C_LANGUAGE_STANDARD = gnu99;
				GCC_DYNAMIC_NO_PIC = NO;
				GCC_OPTIMIZATION_LEVEL = 0;
				GCC_PREPROCESSOR_DEFINITIONS = (
					"DEBUG=1",
					"$(inherited)",
				);
				GCC_SYMBOLS_PRIVATE_EXTERN = NO;
				GCC_WARN_64_TO_32_BIT_CONVERSION = YES;
				GCC_WARN_ABOUT_RETURN_TYPE = YES_ERROR;
				GCC_WARN_UNDECLARED_SELECTOR = YES;
				GCC_WARN_UNINITIALIZED_AUTOS = YES_AGGRESSIVE;
				GCC_WARN_UNUSED_FUNCTION = YES;
				GCC_WARN_UNUSED_VARIABLE = YES;
				IPHONEOS_DEPLOYMENT_TARGET = 8.1;
				MTL_ENABLE_DEBUG_INFO = YES;
				ONLY_ACTIVE_ARCH = YES;
				SDKROOT = iphoneos;
				SWIFT_OPTIMIZATION_LEVEL = "-Onone";
				TARGETED_DEVICE_FAMILY = "1,2";
			};
			name = Debug;
		};
		53D08B1F1A8F001F0029EFA9 /* Release */ = {
			isa = XCBuildConfiguration;
			buildSettings = {
				ALWAYS_SEARCH_USER_PATHS = NO;
				CLANG_CXX_LANGUAGE_STANDARD = "gnu++0x";
				CLANG_CXX_LIBRARY = "libc++";
				CLANG_ENABLE_MODULES = YES;
				CLANG_ENABLE_OBJC_ARC = YES;
				CLANG_WARN_BOOL_CONVERSION = YES;
				CLANG_WARN_CONSTANT_CONVERSION = YES;
				CLANG_WARN_DIRECT_OBJC_ISA_USAGE = YES_ERROR;
				CLANG_WARN_EMPTY_BODY = YES;
				CLANG_WARN_ENUM_CONVERSION = YES;
				CLANG_WARN_INT_CONVERSION = YES;
				CLANG_WARN_OBJC_ROOT_CLASS = YES_ERROR;
				CLANG_WARN_UNREACHABLE_CODE = YES;
				CLANG_WARN__DUPLICATE_METHOD_MATCH = YES;
				"CODE_SIGN_IDENTITY[sdk=iphoneos*]" = "iPhone Developer";
				COPY_PHASE_STRIP = YES;
				ENABLE_NS_ASSERTIONS = NO;
				ENABLE_STRICT_OBJC_MSGSEND = YES;
				GCC_C_LANGUAGE_STANDARD = gnu99;
				GCC_WARN_64_TO_32_BIT_CONVERSION = YES;
				GCC_WARN_ABOUT_RETURN_TYPE = YES_ERROR;
				GCC_WARN_UNDECLARED_SELECTOR = YES;
				GCC_WARN_UNINITIALIZED_AUTOS = YES_AGGRESSIVE;
				GCC_WARN_UNUSED_FUNCTION = YES;
				GCC_WARN_UNUSED_VARIABLE = YES;
				IPHONEOS_DEPLOYMENT_TARGET = 8.1;
				MTL_ENABLE_DEBUG_INFO = NO;
				SDKROOT = iphoneos;
				TARGETED_DEVICE_FAMILY = "1,2";
				VALIDATE_PRODUCT = YES;
			};
			name = Release;
		};
		53D08B211A8F001F0029EFA9 /* Debug */ = {
			isa = XCBuildConfiguration;
			buildSettings = {
				ASSETCATALOG_COMPILER_APPICON_NAME = AppIcon;
				INFOPLIST_FILE = MapItem/Info.plist;
				LD_RUNPATH_SEARCH_PATHS = "$(inherited) @executable_path/Frameworks";
				PRODUCT_NAME = "$(TARGET_NAME)";
			};
			name = Debug;
		};
		53D08B221A8F001F0029EFA9 /* Release */ = {
			isa = XCBuildConfiguration;
			buildSettings = {
				ASSETCATALOG_COMPILER_APPICON_NAME = AppIcon;
				INFOPLIST_FILE = MapItem/Info.plist;
				LD_RUNPATH_SEARCH_PATHS = "$(inherited) @executable_path/Frameworks";
				PRODUCT_NAME = "$(TARGET_NAME)";
			};
			name = Release;
		};
		53D08B241A8F001F0029EFA9 /* Debug */ = {
			isa = XCBuildConfiguration;
			buildSettings = {
				BUNDLE_LOADER = "$(TEST_HOST)";
				FRAMEWORK_SEARCH_PATHS = (
					"$(SDKROOT)/Developer/Library/Frameworks",
					"$(inherited)",
				);
				GCC_PREPROCESSOR_DEFINITIONS = (
					"DEBUG=1",
					"$(inherited)",
				);
				INFOPLIST_FILE = MapItemTests/Info.plist;
				LD_RUNPATH_SEARCH_PATHS = "$(inherited) @executable_path/Frameworks @loader_path/Frameworks";
				PRODUCT_NAME = "$(TARGET_NAME)";
				TEST_HOST = "$(BUILT_PRODUCTS_DIR)/MapItem.app/MapItem";
			};
			name = Debug;
		};
		53D08B251A8F001F0029EFA9 /* Release */ = {
			isa = XCBuildConfiguration;
			buildSettings = {
				BUNDLE_LOADER = "$(TEST_HOST)";
				FRAMEWORK_SEARCH_PATHS = (
					"$(SDKROOT)/Developer/Library/Frameworks",
					"$(inherited)",
				);
				INFOPLIST_FILE = MapItemTests/Info.plist;
				LD_RUNPATH_SEARCH_PATHS = "$(inherited) @executable_path/Frameworks @loader_path/Frameworks";
				PRODUCT_NAME = "$(TARGET_NAME)";
				TEST_HOST = "$(BUILT_PRODUCTS_DIR)/MapItem.app/MapItem";
			};
			name = Release;
		};
/* End XCBuildConfiguration section */

/* Begin XCConfigurationList section */
		53D08AFC1A8F001F0029EFA9 /* Build configuration list for PBXProject "MapItem" */ = {
			isa = XCConfigurationList;
			buildConfigurations = (
				53D08B1E1A8F001F0029EFA9 /* Debug */,
				53D08B1F1A8F001F0029EFA9 /* Release */,
			);
			defaultConfigurationIsVisible = 0;
			defaultConfigurationName = Release;
		};
		53D08B201A8F001F0029EFA9 /* Build configuration list for PBXNativeTarget "MapItem" */ = {
			isa = XCConfigurationList;
			buildConfigurations = (
				53D08B211A8F001F0029EFA9 /* Debug */,
				53D08B221A8F001F0029EFA9 /* Release */,
			);
			defaultConfigurationIsVisible = 0;
		};
		53D08B231A8F001F0029EFA9 /* Build configuration list for PBXNativeTarget "MapItemTests" */ = {
			isa = XCConfigurationList;
			buildConfigurations = (
				53D08B241A8F001F0029EFA9 /* Debug */,
				53D08B251A8F001F0029EFA9 /* Release */,
			);
			defaultConfigurationIsVisible = 0;
		};
/* End XCConfigurationList section */
	};
	rootObject = 53D08AF91A8F001F0029EFA9 /* Project object */;
}
